// !$*UTF8*$!
{
	archiveVersion = 1;
	classes = {
	};
	objectVersion = 77;
	objects = {

/* Begin PBXContainerItemProxy section */
		9286E6CC2CAD40F9006F3030 /* PBXContainerItemProxy */ = {
			isa = PBXContainerItemProxy;
			containerPortal = 9286E6B32CAD40F8006F3030 /* Project object */;
			proxyType = 1;
			remoteGlobalIDString = 9286E6BA2CAD40F8006F3030;
			remoteInfo = adwaa;
		};
		9286E6D62CAD40F9006F3030 /* PBXContainerItemProxy */ = {
			isa = PBXContainerItemProxy;
			containerPortal = 9286E6B32CAD40F8006F3030 /* Project object */;
			proxyType = 1;
			remoteGlobalIDString = 9286E6BA2CAD40F8006F3030;
			remoteInfo = adwaa;
		};
/* End PBXContainerItemProxy section */

/* Begin PBXFileReference section */
		9286E6BB2CAD40F8006F3030 /* adwaa.app */ = {isa = PBXFileReference; explicitFileType = wrapper.application; includeInIndex = 0; path = adwaa.app; sourceTree = BUILT_PRODUCTS_DIR; };
		9286E6CB2CAD40F9006F3030 /* adwaaTests.xctest */ = {isa = PBXFileReference; explicitFileType = wrapper.cfbundle; includeInIndex = 0; path = adwaaTests.xctest; sourceTree = BUILT_PRODUCTS_DIR; };
		9286E6D52CAD40F9006F3030 /* adwaaUITests.xctest */ = {isa = PBXFileReference; explicitFileType = wrapper.cfbundle; includeInIndex = 0; path = adwaaUITests.xctest; sourceTree = BUILT_PRODUCTS_DIR; };
/* End PBXFileReference section */

/* Begin PBXFileSystemSynchronizedRootGroup section */
		9286E6BD2CAD40F8006F3030 /* adwaa */ = {
			isa = PBXFileSystemSynchronizedRootGroup;
			path = adwaa;
			sourceTree = "<group>";
		};
		9286E6CE2CAD40F9006F3030 /* adwaaTests */ = {
			isa = PBXFileSystemSynchronizedRootGroup;
			path = adwaaTests;
			sourceTree = "<group>";
		};
		9286E6D82CAD40F9006F3030 /* adwaaUITests */ = {
			isa = PBXFileSystemSynchronizedRootGroup;
			path = adwaaUITests;
			sourceTree = "<group>";
		};
/* End PBXFileSystemSynchronizedRootGroup section */

/* Begin PBXFrameworksBuildPhase section */
		9286E6B82CAD40F8006F3030 /* Frameworks */ = {
			isa = PBXFrameworksBuildPhase;
			buildActionMask = 2147483647;
			files = (
			);
			runOnlyForDeploymentPostprocessing = 0;
		};
		9286E6C82CAD40F9006F3030 /* Frameworks */ = {
			isa = PBXFrameworksBuildPhase;
			buildActionMask = 2147483647;
			files = (
			);
			runOnlyForDeploymentPostprocessing = 0;
		};
		9286E6D22CAD40F9006F3030 /* Frameworks */ = {
			isa = PBXFrameworksBuildPhase;
			buildActionMask = 2147483647;
			files = (
			);
			runOnlyForDeploymentPostprocessing = 0;
		};
/* End PBXFrameworksBuildPhase section */

/* Begin PBXGroup section */
		9286E6B22CAD40F8006F3030 = {
			isa = PBXGroup;
			children = (
				9286E6BD2CAD40F8006F3030 /* adwaa */,
				9286E6CE2CAD40F9006F3030 /* adwaaTests */,
				9286E6D82CAD40F9006F3030 /* adwaaUITests */,
				9286E6BC2CAD40F8006F3030 /* Products */,
			);
			sourceTree = "<group>";
		};
		9286E6BC2CAD40F8006F3030 /* Products */ = {
			isa = PBXGroup;
			children = (
				9286E6BB2CAD40F8006F3030 /* adwaa.app */,
				9286E6CB2CAD40F9006F3030 /* adwaaTests.xctest */,
				9286E6D52CAD40F9006F3030 /* adwaaUITests.xctest */,
			);
			name = Products;
			sourceTree = "<group>";
		};
/* End PBXGroup section */

/* Begin PBXNativeTarget section */
		9286E6BA2CAD40F8006F3030 /* adwaa */ = {
			isa = PBXNativeTarget;
			buildConfigurationList = 9286E6DF2CAD40F9006F3030 /* Build configuration list for PBXNativeTarget "adwaa" */;
			buildPhases = (
				9286E6B72CAD40F8006F3030 /* Sources */,
				9286E6B82CAD40F8006F3030 /* Frameworks */,
				9286E6B92CAD40F8006F3030 /* Resources */,
			);
			buildRules = (
			);
			dependencies = (
			);
			fileSystemSynchronizedGroups = (
				9286E6BD2CAD40F8006F3030 /* adwaa */,
			);
			name = adwaa;
			packageProductDependencies = (
			);
			productName = adwaa;
			productReference = 9286E6BB2CAD40F8006F3030 /* adwaa.app */;
			productType = "com.apple.product-type.application";
		};
		9286E6CA2CAD40F9006F3030 /* adwaaTests */ = {
			isa = PBXNativeTarget;
			buildConfigurationList = 9286E6E22CAD40F9006F3030 /* Build configuration list for PBXNativeTarget "adwaaTests" */;
			buildPhases = (
				9286E6C72CAD40F9006F3030 /* Sources */,
				9286E6C82CAD40F9006F3030 /* Frameworks */,
				9286E6C92CAD40F9006F3030 /* Resources */,
			);
			buildRules = (
			);
			dependencies = (
				9286E6CD2CAD40F9006F3030 /* PBXTargetDependency */,
			);
			fileSystemSynchronizedGroups = (
				9286E6CE2CAD40F9006F3030 /* adwaaTests */,
			);
			name = adwaaTests;
			packageProductDependencies = (
			);
			productName = adwaaTests;
			productReference = 9286E6CB2CAD40F9006F3030 /* adwaaTests.xctest */;
			productType = "com.apple.product-type.bundle.unit-test";
		};
		9286E6D42CAD40F9006F3030 /* adwaaUITests */ = {
			isa = PBXNativeTarget;
			buildConfigurationList = 9286E6E52CAD40F9006F3030 /* Build configuration list for PBXNativeTarget "adwaaUITests" */;
			buildPhases = (
				9286E6D12CAD40F9006F3030 /* Sources */,
				9286E6D22CAD40F9006F3030 /* Frameworks */,
				9286E6D32CAD40F9006F3030 /* Resources */,
			);
			buildRules = (
			);
			dependencies = (
				9286E6D72CAD40F9006F3030 /* PBXTargetDependency */,
			);
			fileSystemSynchronizedGroups = (
				9286E6D82CAD40F9006F3030 /* adwaaUITests */,
			);
			name = adwaaUITests;
			packageProductDependencies = (
			);
			productName = adwaaUITests;
			productReference = 9286E6D52CAD40F9006F3030 /* adwaaUITests.xctest */;
			productType = "com.apple.product-type.bundle.ui-testing";
		};
/* End PBXNativeTarget section */

/* Begin PBXProject section */
		9286E6B32CAD40F8006F3030 /* Project object */ = {
			isa = PBXProject;
			attributes = {
				BuildIndependentTargetsInParallel = 1;
				LastSwiftUpdateCheck = 1600;
				LastUpgradeCheck = 1600;
				TargetAttributes = {
					9286E6BA2CAD40F8006F3030 = {
						CreatedOnToolsVersion = 16.0;
					};
					9286E6CA2CAD40F9006F3030 = {
						CreatedOnToolsVersion = 16.0;
						TestTargetID = 9286E6BA2CAD40F8006F3030;
					};
					9286E6D42CAD40F9006F3030 = {
						CreatedOnToolsVersion = 16.0;
						TestTargetID = 9286E6BA2CAD40F8006F3030;
					};
				};
			};
			buildConfigurationList = 9286E6B62CAD40F8006F3030 /* Build configuration list for PBXProject "adwaa" */;
			developmentRegion = en;
			hasScannedForEncodings = 0;
			knownRegions = (
				en,
				Base,
			);
			mainGroup = 9286E6B22CAD40F8006F3030;
			minimizedProjectReferenceProxies = 1;
			preferredProjectObjectVersion = 77;
			productRefGroup = 9286E6BC2CAD40F8006F3030 /* Products */;
			projectDirPath = "";
			projectRoot = "";
			targets = (
				9286E6BA2CAD40F8006F3030 /* adwaa */,
				9286E6CA2CAD40F9006F3030 /* adwaaTests */,
				9286E6D42CAD40F9006F3030 /* adwaaUITests */,
			);
		};
/* End PBXProject section */

/* Begin PBXResourcesBuildPhase section */
		9286E6B92CAD40F8006F3030 /* Resources */ = {
			isa = PBXResourcesBuildPhase;
			buildActionMask = 2147483647;
			files = (
			);
			runOnlyForDeploymentPostprocessing = 0;
		};
		9286E6C92CAD40F9006F3030 /* Resources */ = {
			isa = PBXResourcesBuildPhase;
			buildActionMask = 2147483647;
			files = (
			);
			runOnlyForDeploymentPostprocessing = 0;
		};
		9286E6D32CAD40F9006F3030 /* Resources */ = {
			isa = PBXResourcesBuildPhase;
			buildActionMask = 2147483647;
			files = (
			);
			runOnlyForDeploymentPostprocessing = 0;
		};
/* End PBXResourcesBuildPhase section */

/* Begin PBXSourcesBuildPhase section */
		9286E6B72CAD40F8006F3030 /* Sources */ = {
			isa = PBXSourcesBuildPhase;
			buildActionMask = 2147483647;
			files = (
			);
			runOnlyForDeploymentPostprocessing = 0;
		};
		9286E6C72CAD40F9006F3030 /* Sources */ = {
			isa = PBXSourcesBuildPhase;
			buildActionMask = 2147483647;
			files = (
			);
			runOnlyForDeploymentPostprocessing = 0;
		};
		9286E6D12CAD40F9006F3030 /* Sources */ = {
			isa = PBXSourcesBuildPhase;
			buildActionMask = 2147483647;
			files = (
			);
			runOnlyForDeploymentPostprocessing = 0;
		};
/* End PBXSourcesBuildPhase section */

/* Begin PBXTargetDependency section */
		9286E6CD2CAD40F9006F3030 /* PBXTargetDependency */ = {
			isa = PBXTargetDependency;
			target = 9286E6BA2CAD40F8006F3030 /* adwaa */;
			targetProxy = 9286E6CC2CAD40F9006F3030 /* PBXContainerItemProxy */;
		};
		9286E6D72CAD40F9006F3030 /* PBXTargetDependency */ = {
			isa = PBXTargetDependency;
			target = 9286E6BA2CAD40F8006F3030 /* adwaa */;
			targetProxy = 9286E6D62CAD40F9006F3030 /* PBXContainerItemProxy */;
		};
/* End PBXTargetDependency section */

/* Begin XCBuildConfiguration section */
		9286E6DD2CAD40F9006F3030 /* Debug */ = {
			isa = XCBuildConfiguration;
			buildSettings = {
				ALWAYS_SEARCH_USER_PATHS = NO;
				ASSETCATALOG_COMPILER_GENERATE_SWIFT_ASSET_SYMBOL_EXTENSIONS = YES;
				CLANG_ANALYZER_NONNULL = YES;
				CLANG_ANALYZER_NUMBER_OBJECT_CONVERSION = YES_AGGRESSIVE;
				CLANG_CXX_LANGUAGE_STANDARD = "gnu++20";
				CLANG_ENABLE_MODULES = YES;
				CLANG_ENABLE_OBJC_ARC = YES;
				CLANG_ENABLE_OBJC_WEAK = YES;
				CLANG_WARN_BLOCK_CAPTURE_AUTORELEASING = YES;
				CLANG_WARN_BOOL_CONVERSION = YES;
				CLANG_WARN_COMMA = YES;
				CLANG_WARN_CONSTANT_CONVERSION = YES;
				CLANG_WARN_DEPRECATED_OBJC_IMPLEMENTATIONS = YES;
				CLANG_WARN_DIRECT_OBJC_ISA_USAGE = YES_ERROR;
				CLANG_WARN_DOCUMENTATION_COMMENTS = YES;
				CLANG_WARN_EMPTY_BODY = YES;
				CLANG_WARN_ENUM_CONVERSION = YES;
				CLANG_WARN_INFINITE_RECURSION = YES;
				CLANG_WARN_INT_CONVERSION = YES;
				CLANG_WARN_NON_LITERAL_NULL_CONVERSION = YES;
				CLANG_WARN_OBJC_IMPLICIT_RETAIN_SELF = YES;
				CLANG_WARN_OBJC_LITERAL_CONVERSION = YES;
				CLANG_WARN_OBJC_ROOT_CLASS = YES_ERROR;
				CLANG_WARN_QUOTED_INCLUDE_IN_FRAMEWORK_HEADER = YES;
				CLANG_WARN_RANGE_LOOP_ANALYSIS = YES;
				CLANG_WARN_STRICT_PROTOTYPES = YES;
				CLANG_WARN_SUSPICIOUS_MOVE = YES;
				CLANG_WARN_UNGUARDED_AVAILABILITY = YES_AGGRESSIVE;
				CLANG_WARN_UNREACHABLE_CODE = YES;
				CLANG_WARN__DUPLICATE_METHOD_MATCH = YES;
				COPY_PHASE_STRIP = NO;
				DEBUG_INFORMATION_FORMAT = dwarf;
				ENABLE_STRICT_OBJC_MSGSEND = YES;
				ENABLE_TESTABILITY = YES;
				ENABLE_USER_SCRIPT_SANDBOXING = YES;
				GCC_C_LANGUAGE_STANDARD = gnu17;
				GCC_DYNAMIC_NO_PIC = NO;
				GCC_NO_COMMON_BLOCKS = YES;
				GCC_OPTIMIZATION_LEVEL = 0;
				GCC_PREPROCESSOR_DEFINITIONS = (
					"DEBUG=1",
					"$(inherited)",
				);
				GCC_WARN_64_TO_32_BIT_CONVERSION = YES;
				GCC_WARN_ABOUT_RETURN_TYPE = YES_ERROR;
				GCC_WARN_UNDECLARED_SELECTOR = YES;
				GCC_WARN_UNINITIALIZED_AUTOS = YES_AGGRESSIVE;
				GCC_WARN_UNUSED_FUNCTION = YES;
				GCC_WARN_UNUSED_VARIABLE = YES;
				IPHONEOS_DEPLOYMENT_TARGET = 18.0;
				LOCALIZATION_PREFERS_STRING_CATALOGS = YES;
				MTL_ENABLE_DEBUG_INFO = INCLUDE_SOURCE;
				MTL_FAST_MATH = YES;
				ONLY_ACTIVE_ARCH = YES;
				SDKROOT = iphoneos;
				SWIFT_ACTIVE_COMPILATION_CONDITIONS = "DEBUG $(inherited)";
				SWIFT_OPTIMIZATION_LEVEL = "-Onone";
			};
			name = Debug;
		};
		9286E6DE2CAD40F9006F3030 /* Release */ = {
			isa = XCBuildConfiguration;
			buildSettings = {
				ALWAYS_SEARCH_USER_PATHS = NO;
				ASSETCATALOG_COMPILER_GENERATE_SWIFT_ASSET_SYMBOL_EXTENSIONS = YES;
				CLANG_ANALYZER_NONNULL = YES;
				CLANG_ANALYZER_NUMBER_OBJECT_CONVERSION = YES_AGGRESSIVE;
				CLANG_CXX_LANGUAGE_STANDARD = "gnu++20";
				CLANG_ENABLE_MODULES = YES;
				CLANG_ENABLE_OBJC_ARC = YES;
				CLANG_ENABLE_OBJC_WEAK = YES;
				CLANG_WARN_BLOCK_CAPTURE_AUTORELEASING = YES;
				CLANG_WARN_BOOL_CONVERSION = YES;
				CLANG_WARN_COMMA = YES;
				CLANG_WARN_CONSTANT_CONVERSION = YES;
				CLANG_WARN_DEPRECATED_OBJC_IMPLEMENTATIONS = YES;
				CLANG_WARN_DIRECT_OBJC_ISA_USAGE = YES_ERROR;
				CLANG_WARN_DOCUMENTATION_COMMENTS = YES;
				CLANG_WARN_EMPTY_BODY = YES;
				CLANG_WARN_ENUM_CONVERSION = YES;
				CLANG_WARN_INFINITE_RECURSION = YES;
				CLANG_WARN_INT_CONVERSION = YES;
				CLANG_WARN_NON_LITERAL_NULL_CONVERSION = YES;
				CLANG_WARN_OBJC_IMPLICIT_RETAIN_SELF = YES;
				CLANG_WARN_OBJC_LITERAL_CONVERSION = YES;
				CLANG_WARN_OBJC_ROOT_CLASS = YES_ERROR;
				CLANG_WARN_QUOTED_INCLUDE_IN_FRAMEWORK_HEADER = YES;
				CLANG_WARN_RANGE_LOOP_ANALYSIS = YES;
				CLANG_WARN_STRICT_PROTOTYPES = YES;
				CLANG_WARN_SUSPICIOUS_MOVE = YES;
				CLANG_WARN_UNGUARDED_AVAILABILITY = YES_AGGRESSIVE;
				CLANG_WARN_UNREACHABLE_CODE = YES;
				CLANG_WARN__DUPLICATE_METHOD_MATCH = YES;
				COPY_PHASE_STRIP = NO;
				DEBUG_INFORMATION_FORMAT = "dwarf-with-dsym";
				ENABLE_NS_ASSERTIONS = NO;
				ENABLE_STRICT_OBJC_MSGSEND = YES;
				ENABLE_USER_SCRIPT_SANDBOXING = YES;
				GCC_C_LANGUAGE_STANDARD = gnu17;
				GCC_NO_COMMON_BLOCKS = YES;
				GCC_WARN_64_TO_32_BIT_CONVERSION = YES;
				GCC_WARN_ABOUT_RETURN_TYPE = YES_ERROR;
				GCC_WARN_UNDECLARED_SELECTOR = YES;
				GCC_WARN_UNINITIALIZED_AUTOS = YES_AGGRESSIVE;
				GCC_WARN_UNUSED_FUNCTION = YES;
				GCC_WARN_UNUSED_VARIABLE = YES;
				IPHONEOS_DEPLOYMENT_TARGET = 18.0;
				LOCALIZATION_PREFERS_STRING_CATALOGS = YES;
				MTL_ENABLE_DEBUG_INFO = NO;
				MTL_FAST_MATH = YES;
				SDKROOT = iphoneos;
				SWIFT_COMPILATION_MODE = wholemodule;
				VALIDATE_PRODUCT = YES;
			};
			name = Release;
		};
		9286E6E02CAD40F9006F3030 /* Debug */ = {
			isa = XCBuildConfiguration;
			buildSettings = {
				ASSETCATALOG_COMPILER_APPICON_NAME = AppIcon;
				ASSETCATALOG_COMPILER_GLOBAL_ACCENT_COLOR_NAME = AccentColor;
				CODE_SIGN_STYLE = Automatic;
				CURRENT_PROJECT_VERSION = 1;
				DEVELOPMENT_ASSET_PATHS = "\"adwaa/Preview Content\"";
				ENABLE_PREVIEWS = YES;
				GENERATE_INFOPLIST_FILE = YES;
				INFOPLIST_KEY_UIApplicationSceneManifest_Generation = YES;
				INFOPLIST_KEY_UIApplicationSupportsIndirectInputEvents = YES;
				INFOPLIST_KEY_UILaunchScreen_Generation = YES;
				INFOPLIST_KEY_UISupportedInterfaceOrientations_iPad = "UIInterfaceOrientationPortrait UIInterfaceOrientationPortraitUpsideDown UIInterfaceOrientationLandscapeLeft UIInterfaceOrientationLandscapeRight";
				INFOPLIST_KEY_UISupportedInterfaceOrientations_iPhone = "UIInterfaceOrientationPortrait UIInterfaceOrientationLandscapeLeft UIInterfaceOrientationLandscapeRight";
				LD_RUNPATH_SEARCH_PATHS = (
					"$(inherited)",
					"@executable_path/Frameworks",
				);
				MARKETING_VERSION = 1.0;
				PRODUCT_BUNDLE_IDENTIFIER = com.adwa.adwaa;
				PRODUCT_NAME = "$(TARGET_NAME)";
				SWIFT_EMIT_LOC_STRINGS = YES;
				SWIFT_VERSION = 5.0;
				TARGETED_DEVICE_FAMILY = "1,2";
			};
			name = Debug;
		};
		9286E6E12CAD40F9006F3030 /* Release */ = {
			isa = XCBuildConfiguration;
			buildSettings = {
				ASSETCATALOG_COMPILER_APPICON_NAME = AppIcon;
				ASSETCATALOG_COMPILER_GLOBAL_ACCENT_COLOR_NAME = AccentColor;
				CODE_SIGN_STYLE = Automatic;
				CURRENT_PROJECT_VERSION = 1;
				DEVELOPMENT_ASSET_PATHS = "\"adwaa/Preview Content\"";
				ENABLE_PREVIEWS = YES;
				GENERATE_INFOPLIST_FILE = YES;
				INFOPLIST_KEY_UIApplicationSceneManifest_Generation = YES;
				INFOPLIST_KEY_UIApplicationSupportsIndirectInputEvents = YES;
				INFOPLIST_KEY_UILaunchScreen_Generation = YES;
				INFOPLIST_KEY_UISupportedInterfaceOrientations_iPad = "UIInterfaceOrientationPortrait UIInterfaceOrientationPortraitUpsideDown UIInterfaceOrientationLandscapeLeft UIInterfaceOrientationLandscapeRight";
				INFOPLIST_KEY_UISupportedInterfaceOrientations_iPhone = "UIInterfaceOrientationPortrait UIInterfaceOrientationLandscapeLeft UIInterfaceOrientationLandscapeRight";
				LD_RUNPATH_SEARCH_PATHS = (
					"$(inherited)",
					"@executable_path/Frameworks",
				);
				MARKETING_VERSION = 1.0;
				PRODUCT_BUNDLE_IDENTIFIER = com.adwa.adwaa;
				PRODUCT_NAME = "$(TARGET_NAME)";
				SWIFT_EMIT_LOC_STRINGS = YES;
				SWIFT_VERSION = 5.0;
				TARGETED_DEVICE_FAMILY = "1,2";
			};
			name = Release;
		};
		9286E6E32CAD40F9006F3030 /* Debug */ = {
			isa = XCBuildConfiguration;
			buildSettings = {
				BUNDLE_LOADER = "$(TEST_HOST)";
				CODE_SIGN_STYLE = Automatic;
				CURRENT_PROJECT_VERSION = 1;
				GENERATE_INFOPLIST_FILE = YES;
				IPHONEOS_DEPLOYMENT_TARGET = 18.0;
				MARKETING_VERSION = 1.0;
				PRODUCT_BUNDLE_IDENTIFIER = com.adwa.adwaaTests;
				PRODUCT_NAME = "$(TARGET_NAME)";
				SWIFT_EMIT_LOC_STRINGS = NO;
				SWIFT_VERSION = 5.0;
				TARGETED_DEVICE_FAMILY = "1,2";
				TEST_HOST = "$(BUILT_PRODUCTS_DIR)/adwaa.app/$(BUNDLE_EXECUTABLE_FOLDER_PATH)/adwaa";
			};
			name = Debug;
		};
		9286E6E42CAD40F9006F3030 /* Release */ = {
			isa = XCBuildConfiguration;
			buildSettings = {
				BUNDLE_LOADER = "$(TEST_HOST)";
				CODE_SIGN_STYLE = Automatic;
				CURRENT_PROJECT_VERSION = 1;
				GENERATE_INFOPLIST_FILE = YES;
				IPHONEOS_DEPLOYMENT_TARGET = 18.0;
				MARKETING_VERSION = 1.0;
				PRODUCT_BUNDLE_IDENTIFIER = com.adwa.adwaaTests;
				PRODUCT_NAME = "$(TARGET_NAME)";
				SWIFT_EMIT_LOC_STRINGS = NO;
				SWIFT_VERSION = 5.0;
				TARGETED_DEVICE_FAMILY = "1,2";
				TEST_HOST = "$(BUILT_PRODUCTS_DIR)/adwaa.app/$(BUNDLE_EXECUTABLE_FOLDER_PATH)/adwaa";
			};
			name = Release;
		};
		9286E6E62CAD40F9006F3030 /* Debug */ = {
			isa = XCBuildConfiguration;
			buildSettings = {
				CODE_SIGN_STYLE = Automatic;
				CURRENT_PROJECT_VERSION = 1;
				GENERATE_INFOPLIST_FILE = YES;
				MARKETING_VERSION = 1.0;
				PRODUCT_BUNDLE_IDENTIFIER = com.adwa.adwaaUITests;
				PRODUCT_NAME = "$(TARGET_NAME)";
				SWIFT_EMIT_LOC_STRINGS = NO;
				SWIFT_VERSION = 5.0;
				TARGETED_DEVICE_FAMILY = "1,2";
				TEST_TARGET_NAME = adwaa;
			};
			name = Debug;
		};
		9286E6E72CAD40F9006F3030 /* Release */ = {
			isa = XCBuildConfiguration;
			buildSettings = {
				CODE_SIGN_STYLE = Automatic;
				CURRENT_PROJECT_VERSION = 1;
				GENERATE_INFOPLIST_FILE = YES;
				MARKETING_VERSION = 1.0;
				PRODUCT_BUNDLE_IDENTIFIER = com.adwa.adwaaUITests;
				PRODUCT_NAME = "$(TARGET_NAME)";
				SWIFT_EMIT_LOC_STRINGS = NO;
				SWIFT_VERSION = 5.0;
				TARGETED_DEVICE_FAMILY = "1,2";
				TEST_TARGET_NAME = adwaa;
			};
			name = Release;
		};
/* End XCBuildConfiguration section */

/* Begin XCConfigurationList section */
		9286E6B62CAD40F8006F3030 /* Build configuration list for PBXProject "adwaa" */ = {
			isa = XCConfigurationList;
			buildConfigurations = (
				9286E6DD2CAD40F9006F3030 /* Debug */,
				9286E6DE2CAD40F9006F3030 /* Release */,
			);
			defaultConfigurationIsVisible = 0;
			defaultConfigurationName = Release;
		};
		9286E6DF2CAD40F9006F3030 /* Build configuration list for PBXNativeTarget "adwaa" */ = {
			isa = XCConfigurationList;
			buildConfigurations = (
				9286E6E02CAD40F9006F3030 /* Debug */,
				9286E6E12CAD40F9006F3030 /* Release */,
			);
			defaultConfigurationIsVisible = 0;
			defaultConfigurationName = Release;
		};
		9286E6E22CAD40F9006F3030 /* Build configuration list for PBXNativeTarget "adwaaTests" */ = {
			isa = XCConfigurationList;
			buildConfigurations = (
				9286E6E32CAD40F9006F3030 /* Debug */,
				9286E6E42CAD40F9006F3030 /* Release */,
			);
			defaultConfigurationIsVisible = 0;
			defaultConfigurationName = Release;
		};
		9286E6E52CAD40F9006F3030 /* Build configuration list for PBXNativeTarget "adwaaUITests" */ = {
			isa = XCConfigurationList;
			buildConfigurations = (
				9286E6E62CAD40F9006F3030 /* Debug */,
				9286E6E72CAD40F9006F3030 /* Release */,
			);
			defaultConfigurationIsVisible = 0;
			defaultConfigurationName = Release;
		};
/* End XCConfigurationList section */
	};
	rootObject = 9286E6B32CAD40F8006F3030 /* Project object */;
}
